{
  "name": "test_coding",
  "lockfileVersion": 3,
  "requires": true,
  "packages": {
    "": {
      "dependencies": {
        "@shopify/polaris-icons": "^7.9.0",
        "install": "^0.13.0",
        "tiny-invariant": "^1.3.1"
      }
    },
    "node_modules/@shopify/polaris-icons": {
      "version": "7.9.0",
      "resolved": "https://registry.npmjs.org/@shopify/polaris-icons/-/polaris-icons-7.9.0.tgz",
      "integrity": "sha512-JSn8tg5c6cWiKqOJE1757kuK8JKP9NGpwIp9Li2gEIA/PP4LL8RHMYOIuH3RS/yQO3pEhVsHnnlVFvREate8ng==",
      "engines": {
        "node": "^16.17.0 || >=18.12.0"
      }
    },
    "node_modules/install": {
      "version": "0.13.0",
      "resolved": "https://registry.npmjs.org/install/-/install-0.13.0.tgz",
      "integrity": "sha512-zDml/jzr2PKU9I8J/xyZBQn8rPCAY//UOYNmR01XwNwyfhEWObo2SWfSl1+0tm1u6PhxLwDnfsT/6jB7OUxqFA==",
      "engines": {
        "node": ">= 0.10"
      }
    },
    "node_modules/tiny-invariant": {
      "version": "1.3.1",
      "resolved": "https://registry.npmjs.org/tiny-invariant/-/tiny-invariant-1.3.1.tgz",
      "integrity": "sha512-AD5ih2NlSssTCwsMznbvwMZpJ1cbhkGd2uueNxzv2jDlEeZdU04JQfRnggJQ8DrcVBGjAsCKwFBbDlVNtEMlzw=="
    }
  }
}
